
Microsoft Visual Studio Solution File, Format Version 12.00
# Visual Studio Version 16
Project("{8BC9CEB8-8B4A-11D0-8D11-00A0C91BC942}") = "antgine", "antgine\antgine.vcxproj", "{6B7A9537-D759-14D3-E071-9FA94CD07A34}"
EndProject
Project("{8BC9CEB8-8B4A-11D0-8D11-00A0C91BC942}") = "dasWuseln", "dasWuseln\dasWuseln.vcxproj", "{3B708A5F-A7DA-3ED6-F018-F07B5CC21C2B}"
EndProject
Global
	GlobalSection(SolutionConfigurationPlatforms) = preSolution
		Debug|x64 = Debug|x64
		Dist|x64 = Dist|x64
		Release|x64 = Release|x64
	EndGlobalSection
	GlobalSection(ProjectConfigurationPlatforms) = postSolution
		{6B7A9537-D759-14D3-E071-9FA94CD07A34}.Debug|x64.ActiveCfg = Debug|x64
		{6B7A9537-D759-14D3-E071-9FA94CD07A34}.Debug|x64.Build.0 = Debug|x64
		{6B7A9537-D759-14D3-E071-9FA94CD07A34}.Dist|x64.ActiveCfg = Dist|x64
		{6B7A9537-D759-14D3-E071-9FA94CD07A34}.Dist|x64.Build.0 = Dist|x64
		{6B7A9537-D759-14D3-E071-9FA94CD07A34}.Release|x64.ActiveCfg = Release|x64
		{6B7A9537-D759-14D3-E071-9FA94CD07A34}.Release|x64.Build.0 = Release|x64
		{3B708A5F-A7DA-3ED6-F018-F07B5CC21C2B}.Debug|x64.ActiveCfg = Debug|x64
		{3B708A5F-A7DA-3ED6-F018-F07B5CC21C2B}.Debug|x64.Build.0 = Debug|x64
		{3B708A5F-A7DA-3ED6-F018-F07B5CC21C2B}.Dist|x64.ActiveCfg = Dist|x64
		{3B708A5F-A7DA-3ED6-F018-F07B5CC21C2B}.Dist|x64.Build.0 = Dist|x64
		{3B708A5F-A7DA-3ED6-F018-F07B5CC21C2B}.Release|x64.ActiveCfg = Release|x64
		{3B708A5F-A7DA-3ED6-F018-F07B5CC21C2B}.Release|x64.Build.0 = Release|x64
	EndGlobalSection
	GlobalSection(SolutionProperties) = preSolution
		HideSolutionNode = FALSE
	EndGlobalSection
EndGlobal
