<?xml version="1.0" encoding="utf-8"?>
<Project ToolsVersion="4.0" xmlns="http://schemas.microsoft.com/developer/msbuild/2003">
  <ItemGroup>
    <Filter Include="antgine">
      <UniqueIdentifier>{6B7A9537-D759-14D3-E071-9FA94CD07A34}</UniqueIdentifier>
    </Filter>
    <Filter Include="antgine\Header">
      <UniqueIdentifier>{435B2B2E-2F29-1F34-18BD-8F5A042AFB98}</UniqueIdentifier>
    </Filter>
    <Filter Include="antgine\Source">
      <UniqueIdentifier>{0B429448-F70F-884E-E0A3-F874CC1064B3}</UniqueIdentifier>
    </Filter>
  </ItemGroup>
  <ItemGroup>
    <ClInclude Include="src\Antgine.h" />
    <ClInclude Include="src\antgine\Header\Application.h">
      <Filter>antgine\Header</Filter>
    </ClInclude>
    <ClInclude Include="src\antgine\Header\Core.h">
      <Filter>antgine\Header</Filter>
    </ClInclude>
    <ClInclude Include="src\antgine\Header\EntryPoint.h">
      <Filter>antgine\Header</Filter>
    </ClInclude>
    <ClInclude Include="src\antgine\Header\Log.h">
      <Filter>antgine\Header</Filter>
    </ClInclude>
  </ItemGroup>
  <ItemGroup>
    <ClCompile Include="src\antgine\Source\Application.cpp">
      <Filter>antgine\Source</Filter>
    </ClCompile>
    <ClCompile Include="src\antgine\Source\Log.cpp">
      <Filter>antgine\Source</Filter>
    </ClCompile>
  </ItemGroup>
</Project>